hash: d9c7863e8e0e05373a443bd23e7585828e44b3020a474ac9245d9dc96bfc9f9f
updated: 2017-09-17T15:54:16.364314674+07:00
imports:
- name: github.com/astaxie/beego
  version: d96289a81bf67728cff7a19b067aaecc65a62ec6
  subpackages:
  - config
  - context
  - context/param
  - grace
  - logs
  - migration
  - orm
  - session
  - toolbox
  - utils
- name: github.com/beego/bee
  version: e90da8f77bba1050b32ce1c7b9b2461d44252546
- name: github.com/lib/pq
  version: e42267488fe361b9dc034be7a6bffef5b195bceb
  subpackages:
  - oid
- name: golang.org/x/crypto
  version: 7d9177d70076375b9a59c8fde23d52d9c4a7ecd5
  subpackages:
  - bcrypt
  - blowfish
testImports: []
