hash: d9c7863e8e0e05373a443bd23e7585828e44b3020a474ac9245d9dc96bfc9f9f
updated: 2017-09-18T16:47:20.198484997+07:00
imports:
- name: bitbucket.org/liamstask/goose
  version: 8488cc47d90c8a502b1c41a462a6d9cc8ee0a895
  subpackages:
  - cmd/goose
  - lib/goose
- name: github.com/astaxie/beego
  version: d96289a81bf67728cff7a19b067aaecc65a62ec6
  subpackages:
  - config
  - context
  - context/param
  - grace
  - logs
  - orm
  - session
  - toolbox
  - utils
- name: github.com/beego/bee
  version: e90da8f77bba1050b32ce1c7b9b2461d44252546
- name: github.com/go-sql-driver/mysql
  version: be22b3051b3467094e9908389d900e74f72cf08f
- name: github.com/kylelemons/go-gypsy
  version: 08cad365cd28a7fba23bb1e57aa43c5e18ad8bb8
  subpackages:
  - yaml
- name: github.com/lib/pq
  version: e42267488fe361b9dc034be7a6bffef5b195bceb
  subpackages:
  - oid
- name: github.com/mattn/go-sqlite3
  version: 05548ff55570cdb9ac72ff4a25a3b5e77a6fb7e5
- name: github.com/ziutek/mymysql
  version: 1d19cbf98d83564cc561192ae7d7183d795f7ac7
  subpackages:
  - godrv
  - mysql
  - native
- name: golang.org/x/crypto
  version: 7d9177d70076375b9a59c8fde23d52d9c4a7ecd5
  subpackages:
  - bcrypt
  - blowfish
- name: golang.org/x/net
  version: 8351a756f30f1297fe94bbf4b767ec589c6ea6d0
  subpackages:
  - context
testImports: []
