hash: fd72c019f9695eeb325c4d7f883bc15d5592f306722fe6b094ff71af79d56b4b
updated: 2017-09-17T12:25:24.817260433+07:00
imports:
- name: github.com/astaxie/beego
  version: d96289a81bf67728cff7a19b067aaecc65a62ec6
  subpackages:
  - config
  - context
  - context/param
  - grace
  - logs
  - migration
  - orm
  - session
  - toolbox
  - utils
- name: github.com/lib/pq
  version: e42267488fe361b9dc034be7a6bffef5b195bceb
  subpackages:
  - oid
- name: golang.org/x/crypto
  version: 7d9177d70076375b9a59c8fde23d52d9c4a7ecd5
  subpackages:
  - bcrypt
  - blowfish
testImports: []
